
Microsoft Visual Studio Solution File, Format Version 12.00
# Visual Studio 15
VisualStudioVersion = 15.0.26124.0
MinimumVisualStudioVersion = 15.0.26124.0
Project("{FAE04EC0-301F-11D3-BF4B-00C04F79EFBC}") = "Domain", "Domain\Domain.csproj", "{E7B393A9-7E70-49AB-890D-5260EBCD8BE4}"
EndProject
Project("{FAE04EC0-301F-11D3-BF4B-00C04F79EFBC}") = "Application", "Application\Application.csproj", "{BCBE8436-BA9F-4145-818D-B8220E616D70}"
EndProject
Project("{FAE04EC0-301F-11D3-BF4B-00C04F79EFBC}") = "Persistence", "Persistence\Persistence.csproj", "{7C5E75B9-17F2-46D8-8FFF-9D8DD329F251}"
EndProject
Project("{FAE04EC0-301F-11D3-BF4B-00C04F79EFBC}") = "API", "API\API.csproj", "{918D1A5B-9D4C-4C91-8BA2-F63E501560DF}"
EndProject
Global
	GlobalSection(SolutionConfigurationPlatforms) = preSolution
		Debug|Any CPU = Debug|Any CPU
		Debug|x64 = Debug|x64
		Debug|x86 = Debug|x86
		Release|Any CPU = Release|Any CPU
		Release|x64 = Release|x64
		Release|x86 = Release|x86
	EndGlobalSection
	GlobalSection(SolutionProperties) = preSolution
		HideSolutionNode = FALSE
	EndGlobalSection
	GlobalSection(ProjectConfigurationPlatforms) = postSolution
		{E7B393A9-7E70-49AB-890D-5260EBCD8BE4}.Debug|Any CPU.ActiveCfg = Debug|Any CPU
		{E7B393A9-7E70-49AB-890D-5260EBCD8BE4}.Debug|Any CPU.Build.0 = Debug|Any CPU
		{E7B393A9-7E70-49AB-890D-5260EBCD8BE4}.Debug|x64.ActiveCfg = Debug|Any CPU
		{E7B393A9-7E70-49AB-890D-5260EBCD8BE4}.Debug|x64.Build.0 = Debug|Any CPU
		{E7B393A9-7E70-49AB-890D-5260EBCD8BE4}.Debug|x86.ActiveCfg = Debug|Any CPU
		{E7B393A9-7E70-49AB-890D-5260EBCD8BE4}.Debug|x86.Build.0 = Debug|Any CPU
		{E7B393A9-7E70-49AB-890D-5260EBCD8BE4}.Release|Any CPU.ActiveCfg = Release|Any CPU
		{E7B393A9-7E70-49AB-890D-5260EBCD8BE4}.Release|Any CPU.Build.0 = Release|Any CPU
		{E7B393A9-7E70-49AB-890D-5260EBCD8BE4}.Release|x64.ActiveCfg = Release|Any CPU
		{E7B393A9-7E70-49AB-890D-5260EBCD8BE4}.Release|x64.Build.0 = Release|Any CPU
		{E7B393A9-7E70-49AB-890D-5260EBCD8BE4}.Release|x86.ActiveCfg = Release|Any CPU
		{E7B393A9-7E70-49AB-890D-5260EBCD8BE4}.Release|x86.Build.0 = Release|Any CPU
		{BCBE8436-BA9F-4145-818D-B8220E616D70}.Debug|Any CPU.ActiveCfg = Debug|Any CPU
		{BCBE8436-BA9F-4145-818D-B8220E616D70}.Debug|Any CPU.Build.0 = Debug|Any CPU
		{BCBE8436-BA9F-4145-818D-B8220E616D70}.Debug|x64.ActiveCfg = Debug|Any CPU
		{BCBE8436-BA9F-4145-818D-B8220E616D70}.Debug|x64.Build.0 = Debug|Any CPU
		{BCBE8436-BA9F-4145-818D-B8220E616D70}.Debug|x86.ActiveCfg = Debug|Any CPU
		{BCBE8436-BA9F-4145-818D-B8220E616D70}.Debug|x86.Build.0 = Debug|Any CPU
		{BCBE8436-BA9F-4145-818D-B8220E616D70}.Release|Any CPU.ActiveCfg = Release|Any CPU
		{BCBE8436-BA9F-4145-818D-B8220E616D70}.Release|Any CPU.Build.0 = Release|Any CPU
		{BCBE8436-BA9F-4145-818D-B8220E616D70}.Release|x64.ActiveCfg = Release|Any CPU
		{BCBE8436-BA9F-4145-818D-B8220E616D70}.Release|x64.Build.0 = Release|Any CPU
		{BCBE8436-BA9F-4145-818D-B8220E616D70}.Release|x86.ActiveCfg = Release|Any CPU
		{BCBE8436-BA9F-4145-818D-B8220E616D70}.Release|x86.Build.0 = Release|Any CPU
		{7C5E75B9-17F2-46D8-8FFF-9D8DD329F251}.Debug|Any CPU.ActiveCfg = Debug|Any CPU
		{7C5E75B9-17F2-46D8-8FFF-9D8DD329F251}.Debug|Any CPU.Build.0 = Debug|Any CPU
		{7C5E75B9-17F2-46D8-8FFF-9D8DD329F251}.Debug|x64.ActiveCfg = Debug|Any CPU
		{7C5E75B9-17F2-46D8-8FFF-9D8DD329F251}.Debug|x64.Build.0 = Debug|Any CPU
		{7C5E75B9-17F2-46D8-8FFF-9D8DD329F251}.Debug|x86.ActiveCfg = Debug|Any CPU
		{7C5E75B9-17F2-46D8-8FFF-9D8DD329F251}.Debug|x86.Build.0 = Debug|Any CPU
		{7C5E75B9-17F2-46D8-8FFF-9D8DD329F251}.Release|Any CPU.ActiveCfg = Release|Any CPU
		{7C5E75B9-17F2-46D8-8FFF-9D8DD329F251}.Release|Any CPU.Build.0 = Release|Any CPU
		{7C5E75B9-17F2-46D8-8FFF-9D8DD329F251}.Release|x64.ActiveCfg = Release|Any CPU
		{7C5E75B9-17F2-46D8-8FFF-9D8DD329F251}.Release|x64.Build.0 = Release|Any CPU
		{7C5E75B9-17F2-46D8-8FFF-9D8DD329F251}.Release|x86.ActiveCfg = Release|Any CPU
		{7C5E75B9-17F2-46D8-8FFF-9D8DD329F251}.Release|x86.Build.0 = Release|Any CPU
		{918D1A5B-9D4C-4C91-8BA2-F63E501560DF}.Debug|Any CPU.ActiveCfg = Debug|Any CPU
		{918D1A5B-9D4C-4C91-8BA2-F63E501560DF}.Debug|Any CPU.Build.0 = Debug|Any CPU
		{918D1A5B-9D4C-4C91-8BA2-F63E501560DF}.Debug|x64.ActiveCfg = Debug|Any CPU
		{918D1A5B-9D4C-4C91-8BA2-F63E501560DF}.Debug|x64.Build.0 = Debug|Any CPU
		{918D1A5B-9D4C-4C91-8BA2-F63E501560DF}.Debug|x86.ActiveCfg = Debug|Any CPU
		{918D1A5B-9D4C-4C91-8BA2-F63E501560DF}.Debug|x86.Build.0 = Debug|Any CPU
		{918D1A5B-9D4C-4C91-8BA2-F63E501560DF}.Release|Any CPU.ActiveCfg = Release|Any CPU
		{918D1A5B-9D4C-4C91-8BA2-F63E501560DF}.Release|Any CPU.Build.0 = Release|Any CPU
		{918D1A5B-9D4C-4C91-8BA2-F63E501560DF}.Release|x64.ActiveCfg = Release|Any CPU
		{918D1A5B-9D4C-4C91-8BA2-F63E501560DF}.Release|x64.Build.0 = Release|Any CPU
		{918D1A5B-9D4C-4C91-8BA2-F63E501560DF}.Release|x86.ActiveCfg = Release|Any CPU
		{918D1A5B-9D4C-4C91-8BA2-F63E501560DF}.Release|x86.Build.0 = Release|Any CPU
	EndGlobalSection
EndGlobal
